// !$*UTF8*$!
{
	archiveVersion = 1;
	classes = {
	};
	objectVersion = 46;
	objects = {

/* Begin PBXBuildFile section */
		6991DED21DF3E0C100620012 /* main.cpp in Sources */ = {isa = PBXBuildFile; fileRef = 6991DED11DF3E0C100620012 /* main.cpp */; };
		6991DEDA1DF3E12900620012 /* GLUT.framework in Frameworks */ = {isa = PBXBuildFile; fileRef = 6991DED91DF3E12900620012 /* GLUT.framework */; };
		6991DEDC1DF3E13100620012 /* OpenGL.framework in Frameworks */ = {isa = PBXBuildFile; fileRef = 6991DEDB1DF3E13100620012 /* OpenGL.framework */; };
		69B665631DFB0F8300FC076C /* Camera.cpp in Sources */ = {isa = PBXBuildFile; fileRef = 69B665611DFB0F8300FC076C /* Camera.cpp */; };
		69DE3AD31DFB13D500BC8074 /* Vec3.cpp in Sources */ = {isa = PBXBuildFile; fileRef = 69DE3AD11DFB13D500BC8074 /* Vec3.cpp */; };
		69DE3ADA1DFB24D200BC8074 /* Sphere.cpp in Sources */ = {isa = PBXBuildFile; fileRef = 69DE3AD81DFB24D200BC8074 /* Sphere.cpp */; };
		69DE3ADD1DFB7A7600BC8074 /* Ground.cpp in Sources */ = {isa = PBXBuildFile; fileRef = 69DE3ADB1DFB7A7600BC8074 /* Ground.cpp */; };
/* End PBXBuildFile section */

/* Begin PBXCopyFilesBuildPhase section */
		6991DECC1DF3E0C000620012 /* CopyFiles */ = {
			isa = PBXCopyFilesBuildPhase;
			buildActionMask = 2147483647;
			dstPath = /usr/share/man/man1/;
			dstSubfolderSpec = 0;
			files = (
			);
			runOnlyForDeploymentPostprocessing = 1;
		};
/* End PBXCopyFilesBuildPhase section */

/* Begin PBXFileReference section */
		6991DECE1DF3E0C100620012 /* cs3388_assignment4_sacar2 */ = {isa = PBXFileReference; explicitFileType = "compiled.mach-o.executable"; includeInIndex = 0; path = cs3388_assignment4_sacar2; sourceTree = BUILT_PRODUCTS_DIR; };
		6991DED11DF3E0C100620012 /* main.cpp */ = {isa = PBXFileReference; lastKnownFileType = sourcecode.cpp.cpp; path = main.cpp; sourceTree = "<group>"; };
		6991DED91DF3E12900620012 /* GLUT.framework */ = {isa = PBXFileReference; lastKnownFileType = wrapper.framework; name = GLUT.framework; path = System/Library/Frameworks/GLUT.framework; sourceTree = SDKROOT; };
		6991DEDB1DF3E13100620012 /* OpenGL.framework */ = {isa = PBXFileReference; lastKnownFileType = wrapper.framework; name = OpenGL.framework; path = System/Library/Frameworks/OpenGL.framework; sourceTree = SDKROOT; };
		69B665611DFB0F8300FC076C /* Camera.cpp */ = {isa = PBXFileReference; fileEncoding = 4; lastKnownFileType = sourcecode.cpp.cpp; path = Camera.cpp; sourceTree = "<group>"; };
		69B665621DFB0F8300FC076C /* Camera.hpp */ = {isa = PBXFileReference; fileEncoding = 4; lastKnownFileType = sourcecode.cpp.h; path = Camera.hpp; sourceTree = "<group>"; };
		69DE3AD11DFB13D500BC8074 /* Vec3.cpp */ = {isa = PBXFileReference; fileEncoding = 4; lastKnownFileType = sourcecode.cpp.cpp; path = Vec3.cpp; sourceTree = "<group>"; };
		69DE3AD21DFB13D500BC8074 /* Vec3.hpp */ = {isa = PBXFileReference; fileEncoding = 4; lastKnownFileType = sourcecode.cpp.h; path = Vec3.hpp; sourceTree = "<group>"; };
		69DE3AD41DFB1DA900BC8074 /* Constants.h */ = {isa = PBXFileReference; lastKnownFileType = sourcecode.c.h; path = Constants.h; sourceTree = "<group>"; };
		69DE3AD61DFB1FF700BC8074 /* SceneObject.hpp */ = {isa = PBXFileReference; fileEncoding = 4; lastKnownFileType = sourcecode.cpp.h; path = SceneObject.hpp; sourceTree = "<group>"; };
		69DE3AD81DFB24D200BC8074 /* Sphere.cpp */ = {isa = PBXFileReference; fileEncoding = 4; lastKnownFileType = sourcecode.cpp.cpp; path = Sphere.cpp; sourceTree = "<group>"; };
		69DE3AD91DFB24D200BC8074 /* Sphere.hpp */ = {isa = PBXFileReference; fileEncoding = 4; lastKnownFileType = sourcecode.cpp.h; path = Sphere.hpp; sourceTree = "<group>"; };
		69DE3ADB1DFB7A7600BC8074 /* Ground.cpp */ = {isa = PBXFileReference; fileEncoding = 4; lastKnownFileType = sourcecode.cpp.cpp; path = Ground.cpp; sourceTree = "<group>"; };
		69DE3ADC1DFB7A7600BC8074 /* Ground.hpp */ = {isa = PBXFileReference; fileEncoding = 4; lastKnownFileType = sourcecode.cpp.h; path = Ground.hpp; sourceTree = "<group>"; };
/* End PBXFileReference section */

/* Begin PBXFrameworksBuildPhase section */
		6991DECB1DF3E0C000620012 /* Frameworks */ = {
			isa = PBXFrameworksBuildPhase;
			buildActionMask = 2147483647;
			files = (
				6991DEDC1DF3E13100620012 /* OpenGL.framework in Frameworks */,
				6991DEDA1DF3E12900620012 /* GLUT.framework in Frameworks */,
			);
			runOnlyForDeploymentPostprocessing = 0;
		};
/* End PBXFrameworksBuildPhase section */

/* Begin PBXGroup section */
		6991DEC51DF3E0C000620012 = {
			isa = PBXGroup;
			children = (
				6991DED01DF3E0C100620012 /* cs3388_assignment4_sacar2 */,
				6991DECF1DF3E0C100620012 /* Products */,
				6991DED81DF3E12900620012 /* Frameworks */,
			);
			sourceTree = "<group>";
		};
		6991DECF1DF3E0C100620012 /* Products */ = {
			isa = PBXGroup;
			children = (
				6991DECE1DF3E0C100620012 /* cs3388_assignment4_sacar2 */,
			);
			name = Products;
			sourceTree = "<group>";
		};
		6991DED01DF3E0C100620012 /* cs3388_assignment4_sacar2 */ = {
			isa = PBXGroup;
			children = (
				6991DED11DF3E0C100620012 /* main.cpp */,
				69B665611DFB0F8300FC076C /* Camera.cpp */,
				69B665621DFB0F8300FC076C /* Camera.hpp */,
				69DE3AD61DFB1FF700BC8074 /* SceneObject.hpp */,
				69DE3AD81DFB24D200BC8074 /* Sphere.cpp */,
				69DE3AD91DFB24D200BC8074 /* Sphere.hpp */,
				69DE3AD41DFB1DA900BC8074 /* Constants.h */,
				69DE3ADB1DFB7A7600BC8074 /* Ground.cpp */,
				69DE3ADC1DFB7A7600BC8074 /* Ground.hpp */,
				69DE3AD11DFB13D500BC8074 /* Vec3.cpp */,
				69DE3AD21DFB13D500BC8074 /* Vec3.hpp */,
			);
			path = cs3388_assignment4_sacar2;
			sourceTree = "<group>";
		};
		6991DED81DF3E12900620012 /* Frameworks */ = {
			isa = PBXGroup;
			children = (
				6991DEDB1DF3E13100620012 /* OpenGL.framework */,
				6991DED91DF3E12900620012 /* GLUT.framework */,
			);
			name = Frameworks;
			sourceTree = "<group>";
		};
/* End PBXGroup section */

/* Begin PBXNativeTarget section */
		6991DECD1DF3E0C000620012 /* cs3388_assignment4_sacar2 */ = {
			isa = PBXNativeTarget;
			buildConfigurationList = 6991DED51DF3E0C100620012 /* Build configuration list for PBXNativeTarget "cs3388_assignment4_sacar2" */;
			buildPhases = (
				6991DECA1DF3E0C000620012 /* Sources */,
				6991DECB1DF3E0C000620012 /* Frameworks */,
				6991DECC1DF3E0C000620012 /* CopyFiles */,
			);
			buildRules = (
			);
			dependencies = (
			);
			name = cs3388_assignment4_sacar2;
			productName = cs3388_assignment4_sacar2;
			productReference = 6991DECE1DF3E0C100620012 /* cs3388_assignment4_sacar2 */;
			productType = "com.apple.product-type.tool";
		};
/* End PBXNativeTarget section */

/* Begin PBXProject section */
		6991DEC61DF3E0C000620012 /* Project object */ = {
			isa = PBXProject;
			attributes = {
				LastUpgradeCheck = 0800;
				ORGANIZATIONNAME = "selin acar";
				TargetAttributes = {
					6991DECD1DF3E0C000620012 = {
						CreatedOnToolsVersion = 8.0;
						ProvisioningStyle = Automatic;
					};
				};
			};
			buildConfigurationList = 6991DEC91DF3E0C000620012 /* Build configuration list for PBXProject "cs3388_assignment4_sacar2" */;
			compatibilityVersion = "Xcode 3.2";
			developmentRegion = English;
			hasScannedForEncodings = 0;
			knownRegions = (
				en,
			);
			mainGroup = 6991DEC51DF3E0C000620012;
			productRefGroup = 6991DECF1DF3E0C100620012 /* Products */;
			projectDirPath = "";
			projectRoot = "";
			targets = (
				6991DECD1DF3E0C000620012 /* cs3388_assignment4_sacar2 */,
			);
		};
/* End PBXProject section */

/* Begin PBXSourcesBuildPhase section */
		6991DECA1DF3E0C000620012 /* Sources */ = {
			isa = PBXSourcesBuildPhase;
			buildActionMask = 2147483647;
			files = (
				69DE3AD31DFB13D500BC8074 /* Vec3.cpp in Sources */,
				69B665631DFB0F8300FC076C /* Camera.cpp in Sources */,
				69DE3ADA1DFB24D200BC8074 /* Sphere.cpp in Sources */,
				69DE3ADD1DFB7A7600BC8074 /* Ground.cpp in Sources */,
				6991DED21DF3E0C100620012 /* main.cpp in Sources */,
			);
			runOnlyForDeploymentPostprocessing = 0;
		};
/* End PBXSourcesBuildPhase section */

/* Begin XCBuildConfiguration section */
		6991DED31DF3E0C100620012 /* Debug */ = {
			isa = XCBuildConfiguration;
			buildSettings = {
				ALWAYS_SEARCH_USER_PATHS = NO;
				CLANG_ANALYZER_NONNULL = YES;
				CLANG_CXX_LANGUAGE_STANDARD = "gnu++0x";
				CLANG_CXX_LIBRARY = "libc++";
				CLANG_ENABLE_MODULES = YES;
				CLANG_ENABLE_OBJC_ARC = YES;
				CLANG_WARN_BOOL_CONVERSION = YES;
				CLANG_WARN_CONSTANT_CONVERSION = YES;
				CLANG_WARN_DIRECT_OBJC_ISA_USAGE = YES_ERROR;
				CLANG_WARN_DOCUMENTATION_COMMENTS = YES;
				CLANG_WARN_EMPTY_BODY = YES;
				CLANG_WARN_ENUM_CONVERSION = YES;
				CLANG_WARN_INFINITE_RECURSION = YES;
				CLANG_WARN_INT_CONVERSION = YES;
				CLANG_WARN_OBJC_ROOT_CLASS = YES_ERROR;
				CLANG_WARN_SUSPICIOUS_MOVES = YES;
				CLANG_WARN_UNREACHABLE_CODE = YES;
				CLANG_WARN__DUPLICATE_METHOD_MATCH = YES;
				CODE_SIGN_IDENTITY = "-";
				COPY_PHASE_STRIP = NO;
				DEBUG_INFORMATION_FORMAT = dwarf;
				ENABLE_STRICT_OBJC_MSGSEND = YES;
				ENABLE_TESTABILITY = YES;
				GCC_C_LANGUAGE_STANDARD = gnu99;
				GCC_DYNAMIC_NO_PIC = NO;
				GCC_NO_COMMON_BLOCKS = YES;
				GCC_OPTIMIZATION_LEVEL = 0;
				GCC_PREPROCESSOR_DEFINITIONS = (
					"DEBUG=1",
					"$(inherited)",
				);
				GCC_WARN_64_TO_32_BIT_CONVERSION = YES;
				GCC_WARN_ABOUT_RETURN_TYPE = YES_ERROR;
				GCC_WARN_UNDECLARED_SELECTOR = YES;
				GCC_WARN_UNINITIALIZED_AUTOS = YES_AGGRESSIVE;
				GCC_WARN_UNUSED_FUNCTION = YES;
				GCC_WARN_UNUSED_VARIABLE = YES;
				MACOSX_DEPLOYMENT_TARGET = 10.11;
				MTL_ENABLE_DEBUG_INFO = YES;
				ONLY_ACTIVE_ARCH = YES;
				SDKROOT = macosx;
			};
			name = Debug;
		};
		6991DED41DF3E0C100620012 /* Release */ = {
			isa = XCBuildConfiguration;
			buildSettings = {
				ALWAYS_SEARCH_USER_PATHS = NO;
				CLANG_ANALYZER_NONNULL = YES;
				CLANG_CXX_LANGUAGE_STANDARD = "gnu++0x";
				CLANG_CXX_LIBRARY = "libc++";
				CLANG_ENABLE_MODULES = YES;
				CLANG_ENABLE_OBJC_ARC = YES;
				CLANG_WARN_BOOL_CONVERSION = YES;
				CLANG_WARN_CONSTANT_CONVERSION = YES;
				CLANG_WARN_DIRECT_OBJC_ISA_USAGE = YES_ERROR;
				CLANG_WARN_DOCUMENTATION_COMMENTS = YES;
				CLANG_WARN_EMPTY_BODY = YES;
				CLANG_WARN_ENUM_CONVERSION = YES;
				CLANG_WARN_INFINITE_RECURSION = YES;
				CLANG_WARN_INT_CONVERSION = YES;
				CLANG_WARN_OBJC_ROOT_CLASS = YES_ERROR;
				CLANG_WARN_SUSPICIOUS_MOVES = YES;
				CLANG_WARN_UNREACHABLE_CODE = YES;
				CLANG_WARN__DUPLICATE_METHOD_MATCH = YES;
				CODE_SIGN_IDENTITY = "-";
				COPY_PHASE_STRIP = NO;
				DEBUG_INFORMATION_FORMAT = "dwarf-with-dsym";
				ENABLE_NS_ASSERTIONS = NO;
				ENABLE_STRICT_OBJC_MSGSEND = YES;
				GCC_C_LANGUAGE_STANDARD = gnu99;
				GCC_NO_COMMON_BLOCKS = YES;
				GCC_WARN_64_TO_32_BIT_CONVERSION = YES;
				GCC_WARN_ABOUT_RETURN_TYPE = YES_ERROR;
				GCC_WARN_UNDECLARED_SELECTOR = YES;
				GCC_WARN_UNINITIALIZED_AUTOS = YES_AGGRESSIVE;
				GCC_WARN_UNUSED_FUNCTION = YES;
				GCC_WARN_UNUSED_VARIABLE = YES;
				MACOSX_DEPLOYMENT_TARGET = 10.11;
				MTL_ENABLE_DEBUG_INFO = NO;
				SDKROOT = macosx;
			};
			name = Release;
		};
		6991DED61DF3E0C100620012 /* Debug */ = {
			isa = XCBuildConfiguration;
			buildSettings = {
				GCC_WARN_ABOUT_DEPRECATED_FUNCTIONS = NO;
				PRODUCT_NAME = "$(TARGET_NAME)";
			};
			name = Debug;
		};
		6991DED71DF3E0C100620012 /* Release */ = {
			isa = XCBuildConfiguration;
			buildSettings = {
				GCC_WARN_ABOUT_DEPRECATED_FUNCTIONS = NO;
				PRODUCT_NAME = "$(TARGET_NAME)";
			};
			name = Release;
		};
/* End XCBuildConfiguration section */

/* Begin XCConfigurationList section */
		6991DEC91DF3E0C000620012 /* Build configuration list for PBXProject "cs3388_assignment4_sacar2" */ = {
			isa = XCConfigurationList;
			buildConfigurations = (
				6991DED31DF3E0C100620012 /* Debug */,
				6991DED41DF3E0C100620012 /* Release */,
			);
			defaultConfigurationIsVisible = 0;
			defaultConfigurationName = Release;
		};
		6991DED51DF3E0C100620012 /* Build configuration list for PBXNativeTarget "cs3388_assignment4_sacar2" */ = {
			isa = XCConfigurationList;
			buildConfigurations = (
				6991DED61DF3E0C100620012 /* Debug */,
				6991DED71DF3E0C100620012 /* Release */,
			);
			defaultConfigurationIsVisible = 0;
			defaultConfigurationName = Release;
		};
/* End XCConfigurationList section */
	};
	rootObject = 6991DEC61DF3E0C000620012 /* Project object */;
}
