// !$*UTF8*$!
{
	archiveVersion = 1;
	classes = {
	};
	objectVersion = 46;
	objects = {

/* Begin PBXBuildFile section */
		6907EBCB1DE4E26B0068EF4E /* curves.cpp in Sources */ = {isa = PBXBuildFile; fileRef = 6907EBC51DE4E26B0068EF4E /* curves.cpp */; };
		6907EBCC1DE4E26B0068EF4E /* main.cpp in Sources */ = {isa = PBXBuildFile; fileRef = 6907EBC71DE4E26B0068EF4E /* main.cpp */; };
		6907EBCD1DE4E26B0068EF4E /* pointcanvas.cpp in Sources */ = {isa = PBXBuildFile; fileRef = 6907EBC81DE4E26B0068EF4E /* pointcanvas.cpp */; };
		6907EBD01DE4E9400068EF4E /* OpenGL.framework in Frameworks */ = {isa = PBXBuildFile; fileRef = 6907EBCF1DE4E9400068EF4E /* OpenGL.framework */; };
		6907EBD21DE4E9480068EF4E /* GLUT.framework in Frameworks */ = {isa = PBXBuildFile; fileRef = 6907EBD11DE4E9480068EF4E /* GLUT.framework */; };
/* End PBXBuildFile section */

/* Begin PBXCopyFilesBuildPhase section */
		6907EBB91DE4E1070068EF4E /* CopyFiles */ = {
			isa = PBXCopyFilesBuildPhase;
			buildActionMask = 2147483647;
			dstPath = /usr/share/man/man1/;
			dstSubfolderSpec = 0;
			files = (
			);
			runOnlyForDeploymentPostprocessing = 1;
		};
/* End PBXCopyFilesBuildPhase section */

/* Begin PBXFileReference section */
		6907EBBB1DE4E1080068EF4E /* CS3388_ASS3_SACAR2 */ = {isa = PBXFileReference; explicitFileType = "compiled.mach-o.executable"; includeInIndex = 0; path = CS3388_ASS3_SACAR2; sourceTree = BUILT_PRODUCTS_DIR; };
		6907EBC51DE4E26B0068EF4E /* curves.cpp */ = {isa = PBXFileReference; fileEncoding = 4; lastKnownFileType = sourcecode.cpp.cpp; path = curves.cpp; sourceTree = "<group>"; };
		6907EBC61DE4E26B0068EF4E /* curves.h */ = {isa = PBXFileReference; fileEncoding = 4; lastKnownFileType = sourcecode.c.h; path = curves.h; sourceTree = "<group>"; };
		6907EBC71DE4E26B0068EF4E /* main.cpp */ = {isa = PBXFileReference; fileEncoding = 4; lastKnownFileType = sourcecode.cpp.cpp; path = main.cpp; sourceTree = "<group>"; };
		6907EBC81DE4E26B0068EF4E /* pointcanvas.cpp */ = {isa = PBXFileReference; fileEncoding = 4; lastKnownFileType = sourcecode.cpp.cpp; path = pointcanvas.cpp; sourceTree = "<group>"; };
		6907EBC91DE4E26B0068EF4E /* pointcanvas.h */ = {isa = PBXFileReference; fileEncoding = 4; lastKnownFileType = sourcecode.c.h; path = pointcanvas.h; sourceTree = "<group>"; };
		6907EBCA1DE4E26B0068EF4E /* vector.h */ = {isa = PBXFileReference; fileEncoding = 4; lastKnownFileType = sourcecode.c.h; path = vector.h; sourceTree = "<group>"; };
		6907EBCF1DE4E9400068EF4E /* OpenGL.framework */ = {isa = PBXFileReference; lastKnownFileType = wrapper.framework; name = OpenGL.framework; path = System/Library/Frameworks/OpenGL.framework; sourceTree = SDKROOT; };
		6907EBD11DE4E9480068EF4E /* GLUT.framework */ = {isa = PBXFileReference; lastKnownFileType = wrapper.framework; name = GLUT.framework; path = System/Library/Frameworks/GLUT.framework; sourceTree = SDKROOT; };
/* End PBXFileReference section */

/* Begin PBXFrameworksBuildPhase section */
		6907EBB81DE4E1070068EF4E /* Frameworks */ = {
			isa = PBXFrameworksBuildPhase;
			buildActionMask = 2147483647;
			files = (
				6907EBD21DE4E9480068EF4E /* GLUT.framework in Frameworks */,
				6907EBD01DE4E9400068EF4E /* OpenGL.framework in Frameworks */,
			);
			runOnlyForDeploymentPostprocessing = 0;
		};
/* End PBXFrameworksBuildPhase section */

/* Begin PBXGroup section */
		6907EBB21DE4E1070068EF4E = {
			isa = PBXGroup;
			children = (
				6907EBBD1DE4E1080068EF4E /* CS3388_ASS3_SACAR2 */,
				6907EBBC1DE4E1080068EF4E /* Products */,
				6907EBCE1DE4E9400068EF4E /* Frameworks */,
			);
			sourceTree = "<group>";
		};
		6907EBBC1DE4E1080068EF4E /* Products */ = {
			isa = PBXGroup;
			children = (
				6907EBBB1DE4E1080068EF4E /* CS3388_ASS3_SACAR2 */,
			);
			name = Products;
			sourceTree = "<group>";
		};
		6907EBBD1DE4E1080068EF4E /* CS3388_ASS3_SACAR2 */ = {
			isa = PBXGroup;
			children = (
				6907EBC51DE4E26B0068EF4E /* curves.cpp */,
				6907EBC61DE4E26B0068EF4E /* curves.h */,
				6907EBC71DE4E26B0068EF4E /* main.cpp */,
				6907EBC81DE4E26B0068EF4E /* pointcanvas.cpp */,
				6907EBC91DE4E26B0068EF4E /* pointcanvas.h */,
				6907EBCA1DE4E26B0068EF4E /* vector.h */,
			);
			path = CS3388_ASS3_SACAR2;
			sourceTree = "<group>";
		};
		6907EBCE1DE4E9400068EF4E /* Frameworks */ = {
			isa = PBXGroup;
			children = (
				6907EBD11DE4E9480068EF4E /* GLUT.framework */,
				6907EBCF1DE4E9400068EF4E /* OpenGL.framework */,
			);
			name = Frameworks;
			sourceTree = "<group>";
		};
/* End PBXGroup section */

/* Begin PBXNativeTarget section */
		6907EBBA1DE4E1070068EF4E /* CS3388_ASS3_SACAR2 */ = {
			isa = PBXNativeTarget;
			buildConfigurationList = 6907EBC21DE4E1080068EF4E /* Build configuration list for PBXNativeTarget "CS3388_ASS3_SACAR2" */;
			buildPhases = (
				6907EBB71DE4E1070068EF4E /* Sources */,
				6907EBB81DE4E1070068EF4E /* Frameworks */,
				6907EBB91DE4E1070068EF4E /* CopyFiles */,
			);
			buildRules = (
			);
			dependencies = (
			);
			name = CS3388_ASS3_SACAR2;
			productName = CS3388_ASS3_SACAR2;
			productReference = 6907EBBB1DE4E1080068EF4E /* CS3388_ASS3_SACAR2 */;
			productType = "com.apple.product-type.tool";
		};
/* End PBXNativeTarget section */

/* Begin PBXProject section */
		6907EBB31DE4E1070068EF4E /* Project object */ = {
			isa = PBXProject;
			attributes = {
				LastUpgradeCheck = 0800;
				ORGANIZATIONNAME = "selin acar";
				TargetAttributes = {
					6907EBBA1DE4E1070068EF4E = {
						CreatedOnToolsVersion = 8.0;
						ProvisioningStyle = Automatic;
					};
				};
			};
			buildConfigurationList = 6907EBB61DE4E1070068EF4E /* Build configuration list for PBXProject "CS3388_ASS3_SACAR2" */;
			compatibilityVersion = "Xcode 3.2";
			developmentRegion = English;
			hasScannedForEncodings = 0;
			knownRegions = (
				en,
			);
			mainGroup = 6907EBB21DE4E1070068EF4E;
			productRefGroup = 6907EBBC1DE4E1080068EF4E /* Products */;
			projectDirPath = "";
			projectRoot = "";
			targets = (
				6907EBBA1DE4E1070068EF4E /* CS3388_ASS3_SACAR2 */,
			);
		};
/* End PBXProject section */

/* Begin PBXSourcesBuildPhase section */
		6907EBB71DE4E1070068EF4E /* Sources */ = {
			isa = PBXSourcesBuildPhase;
			buildActionMask = 2147483647;
			files = (
				6907EBCD1DE4E26B0068EF4E /* pointcanvas.cpp in Sources */,
				6907EBCC1DE4E26B0068EF4E /* main.cpp in Sources */,
				6907EBCB1DE4E26B0068EF4E /* curves.cpp in Sources */,
			);
			runOnlyForDeploymentPostprocessing = 0;
		};
/* End PBXSourcesBuildPhase section */

/* Begin XCBuildConfiguration section */
		6907EBC01DE4E1080068EF4E /* Debug */ = {
			isa = XCBuildConfiguration;
			buildSettings = {
				ALWAYS_SEARCH_USER_PATHS = NO;
				CLANG_ANALYZER_NONNULL = YES;
				CLANG_CXX_LANGUAGE_STANDARD = "gnu++0x";
				CLANG_CXX_LIBRARY = "libc++";
				CLANG_ENABLE_MODULES = YES;
				CLANG_ENABLE_OBJC_ARC = YES;
				CLANG_WARN_BOOL_CONVERSION = YES;
				CLANG_WARN_CONSTANT_CONVERSION = YES;
				CLANG_WARN_DIRECT_OBJC_ISA_USAGE = YES_ERROR;
				CLANG_WARN_DOCUMENTATION_COMMENTS = YES;
				CLANG_WARN_EMPTY_BODY = YES;
				CLANG_WARN_ENUM_CONVERSION = YES;
				CLANG_WARN_INFINITE_RECURSION = YES;
				CLANG_WARN_INT_CONVERSION = YES;
				CLANG_WARN_OBJC_ROOT_CLASS = YES_ERROR;
				CLANG_WARN_SUSPICIOUS_MOVES = YES;
				CLANG_WARN_UNREACHABLE_CODE = YES;
				CLANG_WARN__DUPLICATE_METHOD_MATCH = YES;
				CODE_SIGN_IDENTITY = "-";
				COPY_PHASE_STRIP = NO;
				DEBUG_INFORMATION_FORMAT = dwarf;
				ENABLE_STRICT_OBJC_MSGSEND = YES;
				ENABLE_TESTABILITY = YES;
				GCC_C_LANGUAGE_STANDARD = gnu99;
				GCC_DYNAMIC_NO_PIC = NO;
				GCC_NO_COMMON_BLOCKS = YES;
				GCC_OPTIMIZATION_LEVEL = 0;
				GCC_PREPROCESSOR_DEFINITIONS = (
					"DEBUG=1",
					"$(inherited)",
				);
				GCC_WARN_64_TO_32_BIT_CONVERSION = YES;
				GCC_WARN_ABOUT_RETURN_TYPE = YES_ERROR;
				GCC_WARN_UNDECLARED_SELECTOR = YES;
				GCC_WARN_UNINITIALIZED_AUTOS = YES_AGGRESSIVE;
				GCC_WARN_UNUSED_FUNCTION = YES;
				GCC_WARN_UNUSED_VARIABLE = YES;
				MACOSX_DEPLOYMENT_TARGET = 10.11;
				MTL_ENABLE_DEBUG_INFO = YES;
				ONLY_ACTIVE_ARCH = YES;
				SDKROOT = macosx;
			};
			name = Debug;
		};
		6907EBC11DE4E1080068EF4E /* Release */ = {
			isa = XCBuildConfiguration;
			buildSettings = {
				ALWAYS_SEARCH_USER_PATHS = NO;
				CLANG_ANALYZER_NONNULL = YES;
				CLANG_CXX_LANGUAGE_STANDARD = "gnu++0x";
				CLANG_CXX_LIBRARY = "libc++";
				CLANG_ENABLE_MODULES = YES;
				CLANG_ENABLE_OBJC_ARC = YES;
				CLANG_WARN_BOOL_CONVERSION = YES;
				CLANG_WARN_CONSTANT_CONVERSION = YES;
				CLANG_WARN_DIRECT_OBJC_ISA_USAGE = YES_ERROR;
				CLANG_WARN_DOCUMENTATION_COMMENTS = YES;
				CLANG_WARN_EMPTY_BODY = YES;
				CLANG_WARN_ENUM_CONVERSION = YES;
				CLANG_WARN_INFINITE_RECURSION = YES;
				CLANG_WARN_INT_CONVERSION = YES;
				CLANG_WARN_OBJC_ROOT_CLASS = YES_ERROR;
				CLANG_WARN_SUSPICIOUS_MOVES = YES;
				CLANG_WARN_UNREACHABLE_CODE = YES;
				CLANG_WARN__DUPLICATE_METHOD_MATCH = YES;
				CODE_SIGN_IDENTITY = "-";
				COPY_PHASE_STRIP = NO;
				DEBUG_INFORMATION_FORMAT = "dwarf-with-dsym";
				ENABLE_NS_ASSERTIONS = NO;
				ENABLE_STRICT_OBJC_MSGSEND = YES;
				GCC_C_LANGUAGE_STANDARD = gnu99;
				GCC_NO_COMMON_BLOCKS = YES;
				GCC_WARN_64_TO_32_BIT_CONVERSION = YES;
				GCC_WARN_ABOUT_RETURN_TYPE = YES_ERROR;
				GCC_WARN_UNDECLARED_SELECTOR = YES;
				GCC_WARN_UNINITIALIZED_AUTOS = YES_AGGRESSIVE;
				GCC_WARN_UNUSED_FUNCTION = YES;
				GCC_WARN_UNUSED_VARIABLE = YES;
				MACOSX_DEPLOYMENT_TARGET = 10.11;
				MTL_ENABLE_DEBUG_INFO = NO;
				SDKROOT = macosx;
			};
			name = Release;
		};
		6907EBC31DE4E1080068EF4E /* Debug */ = {
			isa = XCBuildConfiguration;
			buildSettings = {
				GCC_WARN_ABOUT_DEPRECATED_FUNCTIONS = NO;
				PRODUCT_NAME = "$(TARGET_NAME)";
			};
			name = Debug;
		};
		6907EBC41DE4E1080068EF4E /* Release */ = {
			isa = XCBuildConfiguration;
			buildSettings = {
				GCC_WARN_ABOUT_DEPRECATED_FUNCTIONS = NO;
				PRODUCT_NAME = "$(TARGET_NAME)";
			};
			name = Release;
		};
/* End XCBuildConfiguration section */

/* Begin XCConfigurationList section */
		6907EBB61DE4E1070068EF4E /* Build configuration list for PBXProject "CS3388_ASS3_SACAR2" */ = {
			isa = XCConfigurationList;
			buildConfigurations = (
				6907EBC01DE4E1080068EF4E /* Debug */,
				6907EBC11DE4E1080068EF4E /* Release */,
			);
			defaultConfigurationIsVisible = 0;
			defaultConfigurationName = Release;
		};
		6907EBC21DE4E1080068EF4E /* Build configuration list for PBXNativeTarget "CS3388_ASS3_SACAR2" */ = {
			isa = XCConfigurationList;
			buildConfigurations = (
				6907EBC31DE4E1080068EF4E /* Debug */,
				6907EBC41DE4E1080068EF4E /* Release */,
			);
			defaultConfigurationIsVisible = 0;
		};
/* End XCConfigurationList section */
	};
	rootObject = 6907EBB31DE4E1070068EF4E /* Project object */;
}
