// !$*UTF8*$!
{
	archiveVersion = 1;
	classes = {
	};
	objectVersion = 46;
	objects = {

/* Begin PBXBuildFile section */
		69FC75491DA73F7200890101 /* main.cpp in Sources */ = {isa = PBXBuildFile; fileRef = 69FC75481DA73F7200890101 /* main.cpp */; };
		69FC75501DA73FE700890101 /* OpenGL.framework in Frameworks */ = {isa = PBXBuildFile; fileRef = 69FC754F1DA73FE700890101 /* OpenGL.framework */; };
		69FC75521DA73FF400890101 /* GLUT.framework in Frameworks */ = {isa = PBXBuildFile; fileRef = 69FC75511DA73FF400890101 /* GLUT.framework */; };
/* End PBXBuildFile section */

/* Begin PBXCopyFilesBuildPhase section */
		69FC75431DA73F7100890101 /* CopyFiles */ = {
			isa = PBXCopyFilesBuildPhase;
			buildActionMask = 2147483647;
			dstPath = /usr/share/man/man1/;
			dstSubfolderSpec = 0;
			files = (
			);
			runOnlyForDeploymentPostprocessing = 1;
		};
/* End PBXCopyFilesBuildPhase section */

/* Begin PBXFileReference section */
		69FC75451DA73F7200890101 /* cs3388_assignment1_sacar2 */ = {isa = PBXFileReference; explicitFileType = "compiled.mach-o.executable"; includeInIndex = 0; path = cs3388_assignment1_sacar2; sourceTree = BUILT_PRODUCTS_DIR; };
		69FC75481DA73F7200890101 /* main.cpp */ = {isa = PBXFileReference; lastKnownFileType = sourcecode.cpp.cpp; path = main.cpp; sourceTree = "<group>"; };
		69FC754F1DA73FE700890101 /* OpenGL.framework */ = {isa = PBXFileReference; lastKnownFileType = wrapper.framework; name = OpenGL.framework; path = System/Library/Frameworks/OpenGL.framework; sourceTree = SDKROOT; };
		69FC75511DA73FF400890101 /* GLUT.framework */ = {isa = PBXFileReference; lastKnownFileType = wrapper.framework; name = GLUT.framework; path = System/Library/Frameworks/GLUT.framework; sourceTree = SDKROOT; };
/* End PBXFileReference section */

/* Begin PBXFrameworksBuildPhase section */
		69FC75421DA73F7100890101 /* Frameworks */ = {
			isa = PBXFrameworksBuildPhase;
			buildActionMask = 2147483647;
			files = (
				69FC75521DA73FF400890101 /* GLUT.framework in Frameworks */,
				69FC75501DA73FE700890101 /* OpenGL.framework in Frameworks */,
			);
			runOnlyForDeploymentPostprocessing = 0;
		};
/* End PBXFrameworksBuildPhase section */

/* Begin PBXGroup section */
		69FC753C1DA73F7100890101 = {
			isa = PBXGroup;
			children = (
				69FC75511DA73FF400890101 /* GLUT.framework */,
				69FC754F1DA73FE700890101 /* OpenGL.framework */,
				69FC75471DA73F7200890101 /* cs3388_assignment1_sacar2 */,
				69FC75461DA73F7200890101 /* Products */,
			);
			sourceTree = "<group>";
		};
		69FC75461DA73F7200890101 /* Products */ = {
			isa = PBXGroup;
			children = (
				69FC75451DA73F7200890101 /* cs3388_assignment1_sacar2 */,
			);
			name = Products;
			sourceTree = "<group>";
		};
		69FC75471DA73F7200890101 /* cs3388_assignment1_sacar2 */ = {
			isa = PBXGroup;
			children = (
				69FC75481DA73F7200890101 /* main.cpp */,
			);
			path = cs3388_assignment1_sacar2;
			sourceTree = "<group>";
		};
/* End PBXGroup section */

/* Begin PBXNativeTarget section */
		69FC75441DA73F7100890101 /* cs3388_assignment1_sacar2 */ = {
			isa = PBXNativeTarget;
			buildConfigurationList = 69FC754C1DA73F7200890101 /* Build configuration list for PBXNativeTarget "cs3388_assignment1_sacar2" */;
			buildPhases = (
				69FC75411DA73F7100890101 /* Sources */,
				69FC75421DA73F7100890101 /* Frameworks */,
				69FC75431DA73F7100890101 /* CopyFiles */,
			);
			buildRules = (
			);
			dependencies = (
			);
			name = cs3388_assignment1_sacar2;
			productName = cs3388_assignment1_sacar2;
			productReference = 69FC75451DA73F7200890101 /* cs3388_assignment1_sacar2 */;
			productType = "com.apple.product-type.tool";
		};
/* End PBXNativeTarget section */

/* Begin PBXProject section */
		69FC753D1DA73F7100890101 /* Project object */ = {
			isa = PBXProject;
			attributes = {
				LastUpgradeCheck = 0730;
				ORGANIZATIONNAME = "selin acar";
				TargetAttributes = {
					69FC75441DA73F7100890101 = {
						CreatedOnToolsVersion = 7.3.1;
					};
				};
			};
			buildConfigurationList = 69FC75401DA73F7100890101 /* Build configuration list for PBXProject "cs3388_assignment1_sacar2" */;
			compatibilityVersion = "Xcode 3.2";
			developmentRegion = English;
			hasScannedForEncodings = 0;
			knownRegions = (
				en,
			);
			mainGroup = 69FC753C1DA73F7100890101;
			productRefGroup = 69FC75461DA73F7200890101 /* Products */;
			projectDirPath = "";
			projectRoot = "";
			targets = (
				69FC75441DA73F7100890101 /* cs3388_assignment1_sacar2 */,
			);
		};
/* End PBXProject section */

/* Begin PBXSourcesBuildPhase section */
		69FC75411DA73F7100890101 /* Sources */ = {
			isa = PBXSourcesBuildPhase;
			buildActionMask = 2147483647;
			files = (
				69FC75491DA73F7200890101 /* main.cpp in Sources */,
			);
			runOnlyForDeploymentPostprocessing = 0;
		};
/* End PBXSourcesBuildPhase section */

/* Begin XCBuildConfiguration section */
		69FC754A1DA73F7200890101 /* Debug */ = {
			isa = XCBuildConfiguration;
			buildSettings = {
				ALWAYS_SEARCH_USER_PATHS = NO;
				CLANG_ANALYZER_NONNULL = YES;
				CLANG_CXX_LANGUAGE_STANDARD = "gnu++0x";
				CLANG_CXX_LIBRARY = "libc++";
				CLANG_ENABLE_MODULES = YES;
				CLANG_ENABLE_OBJC_ARC = YES;
				CLANG_WARN_BOOL_CONVERSION = YES;
				CLANG_WARN_CONSTANT_CONVERSION = YES;
				CLANG_WARN_DIRECT_OBJC_ISA_USAGE = YES_ERROR;
				CLANG_WARN_EMPTY_BODY = YES;
				CLANG_WARN_ENUM_CONVERSION = YES;
				CLANG_WARN_INT_CONVERSION = YES;
				CLANG_WARN_OBJC_ROOT_CLASS = YES_ERROR;
				CLANG_WARN_UNREACHABLE_CODE = YES;
				CLANG_WARN__DUPLICATE_METHOD_MATCH = YES;
				CODE_SIGN_IDENTITY = "-";
				COPY_PHASE_STRIP = NO;
				DEBUG_INFORMATION_FORMAT = dwarf;
				ENABLE_STRICT_OBJC_MSGSEND = YES;
				ENABLE_TESTABILITY = YES;
				GCC_C_LANGUAGE_STANDARD = gnu99;
				GCC_DYNAMIC_NO_PIC = NO;
				GCC_NO_COMMON_BLOCKS = YES;
				GCC_OPTIMIZATION_LEVEL = 0;
				GCC_PREPROCESSOR_DEFINITIONS = (
					"DEBUG=1",
					"$(inherited)",
				);
				GCC_WARN_64_TO_32_BIT_CONVERSION = YES;
				GCC_WARN_ABOUT_RETURN_TYPE = YES_ERROR;
				GCC_WARN_UNDECLARED_SELECTOR = YES;
				GCC_WARN_UNINITIALIZED_AUTOS = YES_AGGRESSIVE;
				GCC_WARN_UNUSED_FUNCTION = YES;
				GCC_WARN_UNUSED_VARIABLE = YES;
				MACOSX_DEPLOYMENT_TARGET = 10.11;
				MTL_ENABLE_DEBUG_INFO = YES;
				ONLY_ACTIVE_ARCH = YES;
				SDKROOT = macosx;
			};
			name = Debug;
		};
		69FC754B1DA73F7200890101 /* Release */ = {
			isa = XCBuildConfiguration;
			buildSettings = {
				ALWAYS_SEARCH_USER_PATHS = NO;
				CLANG_ANALYZER_NONNULL = YES;
				CLANG_CXX_LANGUAGE_STANDARD = "gnu++0x";
				CLANG_CXX_LIBRARY = "libc++";
				CLANG_ENABLE_MODULES = YES;
				CLANG_ENABLE_OBJC_ARC = YES;
				CLANG_WARN_BOOL_CONVERSION = YES;
				CLANG_WARN_CONSTANT_CONVERSION = YES;
				CLANG_WARN_DIRECT_OBJC_ISA_USAGE = YES_ERROR;
				CLANG_WARN_EMPTY_BODY = YES;
				CLANG_WARN_ENUM_CONVERSION = YES;
				CLANG_WARN_INT_CONVERSION = YES;
				CLANG_WARN_OBJC_ROOT_CLASS = YES_ERROR;
				CLANG_WARN_UNREACHABLE_CODE = YES;
				CLANG_WARN__DUPLICATE_METHOD_MATCH = YES;
				CODE_SIGN_IDENTITY = "-";
				COPY_PHASE_STRIP = NO;
				DEBUG_INFORMATION_FORMAT = "dwarf-with-dsym";
				ENABLE_NS_ASSERTIONS = NO;
				ENABLE_STRICT_OBJC_MSGSEND = YES;
				GCC_C_LANGUAGE_STANDARD = gnu99;
				GCC_NO_COMMON_BLOCKS = YES;
				GCC_WARN_64_TO_32_BIT_CONVERSION = YES;
				GCC_WARN_ABOUT_RETURN_TYPE = YES_ERROR;
				GCC_WARN_UNDECLARED_SELECTOR = YES;
				GCC_WARN_UNINITIALIZED_AUTOS = YES_AGGRESSIVE;
				GCC_WARN_UNUSED_FUNCTION = YES;
				GCC_WARN_UNUSED_VARIABLE = YES;
				MACOSX_DEPLOYMENT_TARGET = 10.11;
				MTL_ENABLE_DEBUG_INFO = NO;
				SDKROOT = macosx;
			};
			name = Release;
		};
		69FC754D1DA73F7200890101 /* Debug */ = {
			isa = XCBuildConfiguration;
			buildSettings = {
				GCC_WARN_ABOUT_DEPRECATED_FUNCTIONS = NO;
				HEADER_SEARCH_PATHS = /Users/isacar/desktop/glm;
				PRODUCT_NAME = "$(TARGET_NAME)";
			};
			name = Debug;
		};
		69FC754E1DA73F7200890101 /* Release */ = {
			isa = XCBuildConfiguration;
			buildSettings = {
				GCC_WARN_ABOUT_DEPRECATED_FUNCTIONS = NO;
				HEADER_SEARCH_PATHS = /Users/isacar/desktop/glm;
				PRODUCT_NAME = "$(TARGET_NAME)";
			};
			name = Release;
		};
/* End XCBuildConfiguration section */

/* Begin XCConfigurationList section */
		69FC75401DA73F7100890101 /* Build configuration list for PBXProject "cs3388_assignment1_sacar2" */ = {
			isa = XCConfigurationList;
			buildConfigurations = (
				69FC754A1DA73F7200890101 /* Debug */,
				69FC754B1DA73F7200890101 /* Release */,
			);
			defaultConfigurationIsVisible = 0;
			defaultConfigurationName = Release;
		};
		69FC754C1DA73F7200890101 /* Build configuration list for PBXNativeTarget "cs3388_assignment1_sacar2" */ = {
			isa = XCConfigurationList;
			buildConfigurations = (
				69FC754D1DA73F7200890101 /* Debug */,
				69FC754E1DA73F7200890101 /* Release */,
			);
			defaultConfigurationIsVisible = 0;
		};
/* End XCConfigurationList section */
	};
	rootObject = 69FC753D1DA73F7100890101 /* Project object */;
}
