// !$*UTF8*$!
{
	archiveVersion = 1;
	classes = {
	};
	objectVersion = 46;
	objects = {

/* Begin PBXBuildFile section */
		690766C11DC14C9300882F70 /* vase.txt in CopyFiles */ = {isa = PBXBuildFile; fileRef = 690766C01DC14C9300882F70 /* vase.txt */; };
		692A2C101DC05457007104FC /* OpenGL.framework in Frameworks */ = {isa = PBXBuildFile; fileRef = 692A2C0F1DC05457007104FC /* OpenGL.framework */; };
		699A10BC1DC00D7B003C0393 /* main.cpp in Sources */ = {isa = PBXBuildFile; fileRef = 699A10BB1DC00D7B003C0393 /* main.cpp */; };
		699F260D1DC111A7006C81C1 /* GLUT.framework in Frameworks */ = {isa = PBXBuildFile; fileRef = 699F260C1DC111A7006C81C1 /* GLUT.framework */; };
/* End PBXBuildFile section */

/* Begin PBXCopyFilesBuildPhase section */
		690766BF1DC14C6500882F70 /* CopyFiles */ = {
			isa = PBXCopyFilesBuildPhase;
			buildActionMask = 2147483647;
			dstPath = "";
			dstSubfolderSpec = 16;
			files = (
				690766C11DC14C9300882F70 /* vase.txt in CopyFiles */,
			);
			runOnlyForDeploymentPostprocessing = 0;
		};
		699A10B61DC00D7A003C0393 /* CopyFiles */ = {
			isa = PBXCopyFilesBuildPhase;
			buildActionMask = 2147483647;
			dstPath = /usr/share/man/man1/;
			dstSubfolderSpec = 0;
			files = (
			);
			runOnlyForDeploymentPostprocessing = 1;
		};
/* End PBXCopyFilesBuildPhase section */

/* Begin PBXFileReference section */
		690766C01DC14C9300882F70 /* vase.txt */ = {isa = PBXFileReference; lastKnownFileType = text; path = vase.txt; sourceTree = "<group>"; };
		692A2C0F1DC05457007104FC /* OpenGL.framework */ = {isa = PBXFileReference; lastKnownFileType = wrapper.framework; name = OpenGL.framework; path = System/Library/Frameworks/OpenGL.framework; sourceTree = SDKROOT; };
		699A10B81DC00D7B003C0393 /* cs3388_assignment2_sacar2 */ = {isa = PBXFileReference; explicitFileType = "compiled.mach-o.executable"; includeInIndex = 0; path = cs3388_assignment2_sacar2; sourceTree = BUILT_PRODUCTS_DIR; };
		699A10BB1DC00D7B003C0393 /* main.cpp */ = {isa = PBXFileReference; lastKnownFileType = sourcecode.cpp.cpp; path = main.cpp; sourceTree = "<group>"; };
		699F260C1DC111A7006C81C1 /* GLUT.framework */ = {isa = PBXFileReference; lastKnownFileType = wrapper.framework; name = GLUT.framework; path = System/Library/Frameworks/GLUT.framework; sourceTree = SDKROOT; };
/* End PBXFileReference section */

/* Begin PBXFrameworksBuildPhase section */
		699A10B51DC00D7A003C0393 /* Frameworks */ = {
			isa = PBXFrameworksBuildPhase;
			buildActionMask = 2147483647;
			files = (
				699F260D1DC111A7006C81C1 /* GLUT.framework in Frameworks */,
				692A2C101DC05457007104FC /* OpenGL.framework in Frameworks */,
			);
			runOnlyForDeploymentPostprocessing = 0;
		};
/* End PBXFrameworksBuildPhase section */

/* Begin PBXGroup section */
		692A2C0E1DC05457007104FC /* Frameworks */ = {
			isa = PBXGroup;
			children = (
				699F260C1DC111A7006C81C1 /* GLUT.framework */,
				692A2C0F1DC05457007104FC /* OpenGL.framework */,
			);
			name = Frameworks;
			sourceTree = "<group>";
		};
		699A10AF1DC00D7A003C0393 = {
			isa = PBXGroup;
			children = (
				690766C01DC14C9300882F70 /* vase.txt */,
				699A10BA1DC00D7B003C0393 /* cs3388_assignment2_sacar2 */,
				699A10B91DC00D7B003C0393 /* Products */,
				692A2C0E1DC05457007104FC /* Frameworks */,
			);
			sourceTree = "<group>";
		};
		699A10B91DC00D7B003C0393 /* Products */ = {
			isa = PBXGroup;
			children = (
				699A10B81DC00D7B003C0393 /* cs3388_assignment2_sacar2 */,
			);
			name = Products;
			sourceTree = "<group>";
		};
		699A10BA1DC00D7B003C0393 /* cs3388_assignment2_sacar2 */ = {
			isa = PBXGroup;
			children = (
				699A10BB1DC00D7B003C0393 /* main.cpp */,
			);
			path = cs3388_assignment2_sacar2;
			sourceTree = "<group>";
		};
/* End PBXGroup section */

/* Begin PBXNativeTarget section */
		699A10B71DC00D7A003C0393 /* cs3388_assignment2_sacar2 */ = {
			isa = PBXNativeTarget;
			buildConfigurationList = 699A10BF1DC00D7B003C0393 /* Build configuration list for PBXNativeTarget "cs3388_assignment2_sacar2" */;
			buildPhases = (
				699A10B41DC00D7A003C0393 /* Sources */,
				699A10B51DC00D7A003C0393 /* Frameworks */,
				699A10B61DC00D7A003C0393 /* CopyFiles */,
				690766BF1DC14C6500882F70 /* CopyFiles */,
			);
			buildRules = (
			);
			dependencies = (
			);
			name = cs3388_assignment2_sacar2;
			productName = cs3388_assignment2_sacar2;
			productReference = 699A10B81DC00D7B003C0393 /* cs3388_assignment2_sacar2 */;
			productType = "com.apple.product-type.tool";
		};
/* End PBXNativeTarget section */

/* Begin PBXProject section */
		699A10B01DC00D7A003C0393 /* Project object */ = {
			isa = PBXProject;
			attributes = {
				LastUpgradeCheck = 0800;
				ORGANIZATIONNAME = "selin acar";
				TargetAttributes = {
					699A10B71DC00D7A003C0393 = {
						CreatedOnToolsVersion = 8.0;
						ProvisioningStyle = Automatic;
					};
				};
			};
			buildConfigurationList = 699A10B31DC00D7A003C0393 /* Build configuration list for PBXProject "cs3388_assignment2_sacar2" */;
			compatibilityVersion = "Xcode 3.2";
			developmentRegion = English;
			hasScannedForEncodings = 0;
			knownRegions = (
				en,
			);
			mainGroup = 699A10AF1DC00D7A003C0393;
			productRefGroup = 699A10B91DC00D7B003C0393 /* Products */;
			projectDirPath = "";
			projectRoot = "";
			targets = (
				699A10B71DC00D7A003C0393 /* cs3388_assignment2_sacar2 */,
			);
		};
/* End PBXProject section */

/* Begin PBXSourcesBuildPhase section */
		699A10B41DC00D7A003C0393 /* Sources */ = {
			isa = PBXSourcesBuildPhase;
			buildActionMask = 2147483647;
			files = (
				699A10BC1DC00D7B003C0393 /* main.cpp in Sources */,
			);
			runOnlyForDeploymentPostprocessing = 0;
		};
/* End PBXSourcesBuildPhase section */

/* Begin XCBuildConfiguration section */
		699A10BD1DC00D7B003C0393 /* Debug */ = {
			isa = XCBuildConfiguration;
			buildSettings = {
				ALWAYS_SEARCH_USER_PATHS = NO;
				CLANG_ANALYZER_NONNULL = YES;
				CLANG_CXX_LANGUAGE_STANDARD = "gnu++0x";
				CLANG_CXX_LIBRARY = "libc++";
				CLANG_ENABLE_MODULES = YES;
				CLANG_ENABLE_OBJC_ARC = YES;
				CLANG_WARN_BOOL_CONVERSION = YES;
				CLANG_WARN_CONSTANT_CONVERSION = YES;
				CLANG_WARN_DIRECT_OBJC_ISA_USAGE = YES_ERROR;
				CLANG_WARN_DOCUMENTATION_COMMENTS = YES;
				CLANG_WARN_EMPTY_BODY = YES;
				CLANG_WARN_ENUM_CONVERSION = YES;
				CLANG_WARN_INFINITE_RECURSION = YES;
				CLANG_WARN_INT_CONVERSION = YES;
				CLANG_WARN_OBJC_ROOT_CLASS = YES_ERROR;
				CLANG_WARN_SUSPICIOUS_MOVES = YES;
				CLANG_WARN_UNREACHABLE_CODE = YES;
				CLANG_WARN__DUPLICATE_METHOD_MATCH = YES;
				CODE_SIGN_IDENTITY = "-";
				COPY_PHASE_STRIP = NO;
				DEBUG_INFORMATION_FORMAT = dwarf;
				ENABLE_STRICT_OBJC_MSGSEND = YES;
				ENABLE_TESTABILITY = YES;
				GCC_C_LANGUAGE_STANDARD = gnu99;
				GCC_DYNAMIC_NO_PIC = NO;
				GCC_NO_COMMON_BLOCKS = YES;
				GCC_OPTIMIZATION_LEVEL = 0;
				GCC_PREPROCESSOR_DEFINITIONS = (
					"DEBUG=1",
					"$(inherited)",
				);
				GCC_WARN_64_TO_32_BIT_CONVERSION = YES;
				GCC_WARN_ABOUT_RETURN_TYPE = YES_ERROR;
				GCC_WARN_UNDECLARED_SELECTOR = YES;
				GCC_WARN_UNINITIALIZED_AUTOS = YES_AGGRESSIVE;
				GCC_WARN_UNUSED_FUNCTION = YES;
				GCC_WARN_UNUSED_VARIABLE = YES;
				HEADER_SEARCH_PATHS = "";
				MACOSX_DEPLOYMENT_TARGET = 10.11;
				MTL_ENABLE_DEBUG_INFO = YES;
				ONLY_ACTIVE_ARCH = YES;
				SDKROOT = macosx;
			};
			name = Debug;
		};
		699A10BE1DC00D7B003C0393 /* Release */ = {
			isa = XCBuildConfiguration;
			buildSettings = {
				ALWAYS_SEARCH_USER_PATHS = NO;
				CLANG_ANALYZER_NONNULL = YES;
				CLANG_CXX_LANGUAGE_STANDARD = "gnu++0x";
				CLANG_CXX_LIBRARY = "libc++";
				CLANG_ENABLE_MODULES = YES;
				CLANG_ENABLE_OBJC_ARC = YES;
				CLANG_WARN_BOOL_CONVERSION = YES;
				CLANG_WARN_CONSTANT_CONVERSION = YES;
				CLANG_WARN_DIRECT_OBJC_ISA_USAGE = YES_ERROR;
				CLANG_WARN_DOCUMENTATION_COMMENTS = YES;
				CLANG_WARN_EMPTY_BODY = YES;
				CLANG_WARN_ENUM_CONVERSION = YES;
				CLANG_WARN_INFINITE_RECURSION = YES;
				CLANG_WARN_INT_CONVERSION = YES;
				CLANG_WARN_OBJC_ROOT_CLASS = YES_ERROR;
				CLANG_WARN_SUSPICIOUS_MOVES = YES;
				CLANG_WARN_UNREACHABLE_CODE = YES;
				CLANG_WARN__DUPLICATE_METHOD_MATCH = YES;
				CODE_SIGN_IDENTITY = "-";
				COPY_PHASE_STRIP = NO;
				DEBUG_INFORMATION_FORMAT = "dwarf-with-dsym";
				ENABLE_NS_ASSERTIONS = NO;
				ENABLE_STRICT_OBJC_MSGSEND = YES;
				GCC_C_LANGUAGE_STANDARD = gnu99;
				GCC_NO_COMMON_BLOCKS = YES;
				GCC_WARN_64_TO_32_BIT_CONVERSION = YES;
				GCC_WARN_ABOUT_RETURN_TYPE = YES_ERROR;
				GCC_WARN_UNDECLARED_SELECTOR = YES;
				GCC_WARN_UNINITIALIZED_AUTOS = YES_AGGRESSIVE;
				GCC_WARN_UNUSED_FUNCTION = YES;
				GCC_WARN_UNUSED_VARIABLE = YES;
				HEADER_SEARCH_PATHS = "";
				MACOSX_DEPLOYMENT_TARGET = 10.11;
				MTL_ENABLE_DEBUG_INFO = NO;
				SDKROOT = macosx;
			};
			name = Release;
		};
		699A10C01DC00D7B003C0393 /* Debug */ = {
			isa = XCBuildConfiguration;
			buildSettings = {
				GCC_WARN_ABOUT_DEPRECATED_FUNCTIONS = NO;
				HEADER_SEARCH_PATHS = "";
				LIBRARY_SEARCH_PATHS = "";
				OTHER_LDFLAGS = "";
				PRODUCT_NAME = "$(TARGET_NAME)";
			};
			name = Debug;
		};
		699A10C11DC00D7B003C0393 /* Release */ = {
			isa = XCBuildConfiguration;
			buildSettings = {
				GCC_WARN_ABOUT_DEPRECATED_FUNCTIONS = NO;
				HEADER_SEARCH_PATHS = "";
				LIBRARY_SEARCH_PATHS = "";
				OTHER_LDFLAGS = "";
				PRODUCT_NAME = "$(TARGET_NAME)";
			};
			name = Release;
		};
/* End XCBuildConfiguration section */

/* Begin XCConfigurationList section */
		699A10B31DC00D7A003C0393 /* Build configuration list for PBXProject "cs3388_assignment2_sacar2" */ = {
			isa = XCConfigurationList;
			buildConfigurations = (
				699A10BD1DC00D7B003C0393 /* Debug */,
				699A10BE1DC00D7B003C0393 /* Release */,
			);
			defaultConfigurationIsVisible = 0;
			defaultConfigurationName = Release;
		};
		699A10BF1DC00D7B003C0393 /* Build configuration list for PBXNativeTarget "cs3388_assignment2_sacar2" */ = {
			isa = XCConfigurationList;
			buildConfigurations = (
				699A10C01DC00D7B003C0393 /* Debug */,
				699A10C11DC00D7B003C0393 /* Release */,
			);
			defaultConfigurationIsVisible = 0;
			defaultConfigurationName = Release;
		};
/* End XCConfigurationList section */
	};
	rootObject = 699A10B01DC00D7A003C0393 /* Project object */;
}
